
Microsoft Visual Studio Solution File, Format Version 12.00
# Visual Studio Version 17
VisualStudioVersion = 17.12.35506.116 d17.12
MinimumVisualStudioVersion = 10.0.40219.1
Project("{FAE04EC0-301F-11D3-BF4B-00C04F79EFBC}") = "SmartFaceClients", "..\SmartFaceClients\SmartFaceClients.csproj", "{6573CD3E-3C46-4631-877B-4E64E9839A4E}"
EndProject
Project("{FAE04EC0-301F-11D3-BF4B-00C04F79EFBC}") = "AeosSync", "AeosSync.csproj", "{CC24B386-2083-4B9D-8D8F-65205D5319CF}"
EndProject
Project("{FAE04EC0-301F-11D3-BF4B-00C04F79EFBC}") = "AccessController", "..\..\Shared\AccessController\AccessController.csproj", "{AF97FE59-5F66-4896-8582-7B98FE250FFD}"
EndProject
Project("{FAE04EC0-301F-11D3-BF4B-00C04F79EFBC}") = "SmartFaceRestApiClient", "..\..\Shared\SmartFaceRestApiClient\SmartFaceRestApiClient.csproj", "{E3D1E8C5-13EE-4E1E-8895-D78C5FF636E5}"
EndProject
Global
	GlobalSection(SolutionConfigurationPlatforms) = preSolution
		Debug|Any CPU = Debug|Any CPU
		Release|Any CPU = Release|Any CPU
	EndGlobalSection
	GlobalSection(ProjectConfigurationPlatforms) = postSolution
		{6573CD3E-3C46-4631-877B-4E64E9839A4E}.Debug|Any CPU.ActiveCfg = Debug|Any CPU
		{6573CD3E-3C46-4631-877B-4E64E9839A4E}.Debug|Any CPU.Build.0 = Debug|Any CPU
		{6573CD3E-3C46-4631-877B-4E64E9839A4E}.Release|Any CPU.ActiveCfg = Release|Any CPU
		{6573CD3E-3C46-4631-877B-4E64E9839A4E}.Release|Any CPU.Build.0 = Release|Any CPU
		{CC24B386-2083-4B9D-8D8F-65205D5319CF}.Debug|Any CPU.ActiveCfg = Debug|Any CPU
		{CC24B386-2083-4B9D-8D8F-65205D5319CF}.Debug|Any CPU.Build.0 = Debug|Any CPU
		{CC24B386-2083-4B9D-8D8F-65205D5319CF}.Release|Any CPU.ActiveCfg = Release|Any CPU
		{CC24B386-2083-4B9D-8D8F-65205D5319CF}.Release|Any CPU.Build.0 = Release|Any CPU
		{AF97FE59-5F66-4896-8582-7B98FE250FFD}.Debug|Any CPU.ActiveCfg = Debug|Any CPU
		{AF97FE59-5F66-4896-8582-7B98FE250FFD}.Debug|Any CPU.Build.0 = Debug|Any CPU
		{AF97FE59-5F66-4896-8582-7B98FE250FFD}.Release|Any CPU.ActiveCfg = Release|Any CPU
		{AF97FE59-5F66-4896-8582-7B98FE250FFD}.Release|Any CPU.Build.0 = Release|Any CPU
		{E3D1E8C5-13EE-4E1E-8895-D78C5FF636E5}.Debug|Any CPU.ActiveCfg = Debug|Any CPU
		{E3D1E8C5-13EE-4E1E-8895-D78C5FF636E5}.Debug|Any CPU.Build.0 = Debug|Any CPU
		{E3D1E8C5-13EE-4E1E-8895-D78C5FF636E5}.Release|Any CPU.ActiveCfg = Release|Any CPU
		{E3D1E8C5-13EE-4E1E-8895-D78C5FF636E5}.Release|Any CPU.Build.0 = Release|Any CPU
	EndGlobalSection
	GlobalSection(SolutionProperties) = preSolution
		HideSolutionNode = FALSE
	EndGlobalSection
EndGlobal
