Microsoft Visual Studio Solution File, Format Version 12.00
# Visual Studio Version 17
VisualStudioVersion = 17.5.2.0
MinimumVisualStudioVersion = 10.0.40219.1
Project("{2150E333-8FDC-42A3-9474-1A3956D46DE8}") = "src", "src", "{827E0CD3-B72D-47B6-A68D-7590B98EB39B}"
EndProject
Project("{FAE04EC0-301F-11D3-BF4B-00C04F79EFBC}") = "AccessControlConnector", "src\AccessControlConnector\AccessControlConnector.csproj", "{E7986DBB-A341-F305-AA7F-79BDC79DE4A4}"
EndProject
Project("{FAE04EC0-301F-11D3-BF4B-00C04F79EFBC}") = "AccessControlConnector.Tests", "src\AccessControlConnector.Tests\AccessControlConnector.Tests.csproj", "{7428B97E-D1FE-B8BF-B210-2B9C7F377A48}"
EndProject
Project("{FAE04EC0-301F-11D3-BF4B-00C04F79EFBC}") = "AutoEnrollment", "src\AutoEnrollment\AutoEnrollment.csproj", "{659AA230-505B-474F-5438-4E921E06733C}"
EndProject
Project("{FAE04EC0-301F-11D3-BF4B-00C04F79EFBC}") = "AutoEnrollment.Tests", "src\AutoEnrollment.Tests\AutoEnrollment.Tests.csproj", "{92D19CD5-5A1F-4FDB-4161-00DD83B2FBEA}"
EndProject
Project("{FAE04EC0-301F-11D3-BF4B-00C04F79EFBC}") = "BirdWatch", "src\BirdWatch\BirdWatch.csproj", "{8581F49A-6FDD-5DD4-B02B-61E7BE231AD9}"
EndProject
Project("{FAE04EC0-301F-11D3-BF4B-00C04F79EFBC}") = "DataCollection", "src\DataCollection\DataCollection.csproj", "{E31B4884-2C08-4E54-8EA7-81DE90A696BA}"
EndProject
Project("{FAE04EC0-301F-11D3-BF4B-00C04F79EFBC}") = "DataDownload", "src\DataDownload\DataDownload.csproj", "{3B6DCEDA-17D4-E6F0-021B-ED71916A7E60}"
EndProject
Project("{FAE04EC0-301F-11D3-BF4B-00C04F79EFBC}") = "DataExportTool", "src\DataExportTool\DataExportTool.csproj", "{449BA210-F781-F748-3B20-DD1D5C81D55E}"
EndProject
Project("{FAE04EC0-301F-11D3-BF4B-00C04F79EFBC}") = "FaceGate", "src\FaceGate\FaceGate.csproj", "{4308A2E5-A21A-5417-6C61-3DC6DC44B15E}"
EndProject
Project("{FAE04EC0-301F-11D3-BF4B-00C04F79EFBC}") = "FingeraAdapter", "src\FingeraAdapter\FingeraAdapter.csproj", "{798A6F99-7A4D-FBF5-2568-A9EAF98E1A3A}"
EndProject
Project("{FAE04EC0-301F-11D3-BF4B-00C04F79EFBC}") = "GraphQLClient", "src\GraphQLClient\GraphQLClient.csproj", "{A62AA779-6461-E6FD-D3D3-9124A65BC0D0}"
EndProject
Project("{FAE04EC0-301F-11D3-BF4B-00C04F79EFBC}") = "GrpcCamera", "src\GrpcCamera\GrpcCamera.csproj", "{339FB689-4579-783F-09C1-474E011339DF}"
EndProject
Project("{FAE04EC0-301F-11D3-BF4B-00C04F79EFBC}") = "IdentificationFromFolder", "src\IdentificationFromFolder\IdentificationFromFolder.csproj", "{87DCB884-81F4-45CA-B20C-5544DB8F0C9B}"
EndProject
Project("{FAE04EC0-301F-11D3-BF4B-00C04F79EFBC}") = "IFaceManualCall", "src\IFaceManualCall\IFaceManualCall.csproj", "{7AA4290F-6AA1-8220-4B35-D11C0E729103}"
EndProject
Project("{FAE04EC0-301F-11D3-BF4B-00C04F79EFBC}") = "NotificationsReceiver", "src\NotificationsReceiver\NotificationsReceiver.csproj", "{A45CB112-9900-E1BC-9E54-66C111B295B5}"
EndProject
Project("{FAE04EC0-301F-11D3-BF4B-00C04F79EFBC}") = "NXWitnessConnector", "src\NX-witness-connector\NXWitnessConnector.csproj", "{EB42785F-E358-B031-5061-8D4D613AEC66}"
EndProject
Project("{2150E333-8FDC-42A3-9474-1A3956D46DE8}") = "AEOS", "AEOS", "{3F09BF6E-2DAC-A8BD-0780-CA9179E2D10F}"
EndProject
Project("{FAE04EC0-301F-11D3-BF4B-00C04F79EFBC}") = "AeosSync", "src\AEOS\AeosSync\AeosSync.csproj", "{AAF25AED-2ED9-3D07-F59E-6D61B31AEC19}"
EndProject
Project("{FAE04EC0-301F-11D3-BF4B-00C04F79EFBC}") = "AEpuConnector", "src\AEOS\AEpuConnector\AEpuConnector.csproj", "{143C3EE1-AC22-5948-6893-E3CD10F2F7AD}"
EndProject
Project("{FAE04EC0-301F-11D3-BF4B-00C04F79EFBC}") = "SmartFaceClients", "src\AEOS\SmartFaceClients\SmartFaceClients.csproj", "{32D792D6-6C3A-F8E8-6C7C-3C996A337BE3}"
EndProject
Project("{2150E333-8FDC-42A3-9474-1A3956D46DE8}") = "scripts", "scripts", "{F5D6AA94-3B3D-A482-BBC4-8A508104825B}"
EndProject
Project("{FAE04EC0-301F-11D3-BF4B-00C04F79EFBC}") = "CompareFilesInFolder", "src\scripts\CompareFilesInFolder\CompareFilesInFolder.csproj", "{D2FC8042-119D-F0A8-497A-83C1111315C6}"
EndProject
Project("{FAE04EC0-301F-11D3-BF4B-00C04F79EFBC}") = "ExportFacesWithImages", "src\scripts\ExportFacesWithImages\ExportFacesWithImages.csproj", "{F2FAE8A1-1C38-98CC-97F4-7C57433AAAB2}"
EndProject
Project("{FAE04EC0-301F-11D3-BF4B-00C04F79EFBC}") = "generateHeatmap", "src\scripts\PedestrianHeatmap\generateHeatmap.csproj", "{28E7B684-E730-34C0-A838-ABEC58522771}"
EndProject
Project("{FAE04EC0-301F-11D3-BF4B-00C04F79EFBC}") = "SpoofAttemptsLogger", "src\scripts\SpoofAttemptsLogger\SpoofAttemptsLogger.csproj", "{53436513-0266-1682-164A-A5831CB28BD2}"
EndProject
Project("{2150E333-8FDC-42A3-9474-1A3956D46DE8}") = "Shared", "Shared", "{C8E42992-5E42-0C2B-DBFE-AA848D06431C}"
EndProject
Project("{FAE04EC0-301F-11D3-BF4B-00C04F79EFBC}") = "AccessController", "src\Shared\AccessController\AccessController.csproj", "{1221F972-6459-E982-EF25-DB8261550303}"
EndProject
Project("{FAE04EC0-301F-11D3-BF4B-00C04F79EFBC}") = "Shared", "src\Shared\Shared\Shared.csproj", "{0074771C-7EF4-9AC9-B92B-7DC200D82A3C}"
EndProject
Project("{FAE04EC0-301F-11D3-BF4B-00C04F79EFBC}") = "SmartFaceRestApiClient", "src\Shared\SmartFaceRestApiClient\SmartFaceRestApiClient.csproj", "{6341DADA-8457-6E1C-799A-D74840EA7746}"
EndProject
Project("{FAE04EC0-301F-11D3-BF4B-00C04F79EFBC}") = "ZeroMQ", "src\Shared\ZeroMQ\ZeroMQ.csproj", "{4945D7B4-24A2-3C1E-FCC2-4DF40BCAB383}"
EndProject
Global
	GlobalSection(SolutionConfigurationPlatforms) = preSolution
		Debug|Any CPU = Debug|Any CPU
		Release|Any CPU = Release|Any CPU
	EndGlobalSection
	GlobalSection(ProjectConfigurationPlatforms) = postSolution
		{E7986DBB-A341-F305-AA7F-79BDC79DE4A4}.Debug|Any CPU.ActiveCfg = Debug|Any CPU
		{E7986DBB-A341-F305-AA7F-79BDC79DE4A4}.Debug|Any CPU.Build.0 = Debug|Any CPU
		{E7986DBB-A341-F305-AA7F-79BDC79DE4A4}.Release|Any CPU.ActiveCfg = Release|Any CPU
		{E7986DBB-A341-F305-AA7F-79BDC79DE4A4}.Release|Any CPU.Build.0 = Release|Any CPU
		{7428B97E-D1FE-B8BF-B210-2B9C7F377A48}.Debug|Any CPU.ActiveCfg = Debug|Any CPU
		{7428B97E-D1FE-B8BF-B210-2B9C7F377A48}.Debug|Any CPU.Build.0 = Debug|Any CPU
		{7428B97E-D1FE-B8BF-B210-2B9C7F377A48}.Release|Any CPU.ActiveCfg = Release|Any CPU
		{7428B97E-D1FE-B8BF-B210-2B9C7F377A48}.Release|Any CPU.Build.0 = Release|Any CPU
		{659AA230-505B-474F-5438-4E921E06733C}.Debug|Any CPU.ActiveCfg = Debug|Any CPU
		{659AA230-505B-474F-5438-4E921E06733C}.Debug|Any CPU.Build.0 = Debug|Any CPU
		{659AA230-505B-474F-5438-4E921E06733C}.Release|Any CPU.ActiveCfg = Release|Any CPU
		{659AA230-505B-474F-5438-4E921E06733C}.Release|Any CPU.Build.0 = Release|Any CPU
		{92D19CD5-5A1F-4FDB-4161-00DD83B2FBEA}.Debug|Any CPU.ActiveCfg = Debug|Any CPU
		{92D19CD5-5A1F-4FDB-4161-00DD83B2FBEA}.Debug|Any CPU.Build.0 = Debug|Any CPU
		{92D19CD5-5A1F-4FDB-4161-00DD83B2FBEA}.Release|Any CPU.ActiveCfg = Release|Any CPU
		{92D19CD5-5A1F-4FDB-4161-00DD83B2FBEA}.Release|Any CPU.Build.0 = Release|Any CPU
		{8581F49A-6FDD-5DD4-B02B-61E7BE231AD9}.Debug|Any CPU.ActiveCfg = Debug|Any CPU
		{8581F49A-6FDD-5DD4-B02B-61E7BE231AD9}.Debug|Any CPU.Build.0 = Debug|Any CPU
		{8581F49A-6FDD-5DD4-B02B-61E7BE231AD9}.Release|Any CPU.ActiveCfg = Release|Any CPU
		{8581F49A-6FDD-5DD4-B02B-61E7BE231AD9}.Release|Any CPU.Build.0 = Release|Any CPU
		{E31B4884-2C08-4E54-8EA7-81DE90A696BA}.Debug|Any CPU.ActiveCfg = Debug|Any CPU
		{E31B4884-2C08-4E54-8EA7-81DE90A696BA}.Debug|Any CPU.Build.0 = Debug|Any CPU
		{E31B4884-2C08-4E54-8EA7-81DE90A696BA}.Release|Any CPU.ActiveCfg = Release|Any CPU
		{E31B4884-2C08-4E54-8EA7-81DE90A696BA}.Release|Any CPU.Build.0 = Release|Any CPU
		{3B6DCEDA-17D4-E6F0-021B-ED71916A7E60}.Debug|Any CPU.ActiveCfg = Debug|Any CPU
		{3B6DCEDA-17D4-E6F0-021B-ED71916A7E60}.Debug|Any CPU.Build.0 = Debug|Any CPU
		{3B6DCEDA-17D4-E6F0-021B-ED71916A7E60}.Release|Any CPU.ActiveCfg = Release|Any CPU
		{3B6DCEDA-17D4-E6F0-021B-ED71916A7E60}.Release|Any CPU.Build.0 = Release|Any CPU
		{449BA210-F781-F748-3B20-DD1D5C81D55E}.Debug|Any CPU.ActiveCfg = Debug|Any CPU
		{449BA210-F781-F748-3B20-DD1D5C81D55E}.Debug|Any CPU.Build.0 = Debug|Any CPU
		{449BA210-F781-F748-3B20-DD1D5C81D55E}.Release|Any CPU.ActiveCfg = Release|Any CPU
		{449BA210-F781-F748-3B20-DD1D5C81D55E}.Release|Any CPU.Build.0 = Release|Any CPU
		{4308A2E5-A21A-5417-6C61-3DC6DC44B15E}.Debug|Any CPU.ActiveCfg = Debug|Any CPU
		{4308A2E5-A21A-5417-6C61-3DC6DC44B15E}.Debug|Any CPU.Build.0 = Debug|Any CPU
		{4308A2E5-A21A-5417-6C61-3DC6DC44B15E}.Release|Any CPU.ActiveCfg = Release|Any CPU
		{4308A2E5-A21A-5417-6C61-3DC6DC44B15E}.Release|Any CPU.Build.0 = Release|Any CPU
		{798A6F99-7A4D-FBF5-2568-A9EAF98E1A3A}.Debug|Any CPU.ActiveCfg = Debug|Any CPU
		{798A6F99-7A4D-FBF5-2568-A9EAF98E1A3A}.Debug|Any CPU.Build.0 = Debug|Any CPU
		{798A6F99-7A4D-FBF5-2568-A9EAF98E1A3A}.Release|Any CPU.ActiveCfg = Release|Any CPU
		{798A6F99-7A4D-FBF5-2568-A9EAF98E1A3A}.Release|Any CPU.Build.0 = Release|Any CPU
		{A62AA779-6461-E6FD-D3D3-9124A65BC0D0}.Debug|Any CPU.ActiveCfg = Debug|Any CPU
		{A62AA779-6461-E6FD-D3D3-9124A65BC0D0}.Debug|Any CPU.Build.0 = Debug|Any CPU
		{A62AA779-6461-E6FD-D3D3-9124A65BC0D0}.Release|Any CPU.ActiveCfg = Release|Any CPU
		{A62AA779-6461-E6FD-D3D3-9124A65BC0D0}.Release|Any CPU.Build.0 = Release|Any CPU
		{339FB689-4579-783F-09C1-474E011339DF}.Debug|Any CPU.ActiveCfg = Debug|Any CPU
		{339FB689-4579-783F-09C1-474E011339DF}.Debug|Any CPU.Build.0 = Debug|Any CPU
		{339FB689-4579-783F-09C1-474E011339DF}.Release|Any CPU.ActiveCfg = Release|Any CPU
		{339FB689-4579-783F-09C1-474E011339DF}.Release|Any CPU.Build.0 = Release|Any CPU
		{87DCB884-81F4-45CA-B20C-5544DB8F0C9B}.Debug|Any CPU.ActiveCfg = Debug|Any CPU
		{87DCB884-81F4-45CA-B20C-5544DB8F0C9B}.Debug|Any CPU.Build.0 = Debug|Any CPU
		{87DCB884-81F4-45CA-B20C-5544DB8F0C9B}.Release|Any CPU.ActiveCfg = Release|Any CPU
		{87DCB884-81F4-45CA-B20C-5544DB8F0C9B}.Release|Any CPU.Build.0 = Release|Any CPU
		{7AA4290F-6AA1-8220-4B35-D11C0E729103}.Debug|Any CPU.ActiveCfg = Debug|Any CPU
		{7AA4290F-6AA1-8220-4B35-D11C0E729103}.Debug|Any CPU.Build.0 = Debug|Any CPU
		{7AA4290F-6AA1-8220-4B35-D11C0E729103}.Release|Any CPU.ActiveCfg = Release|Any CPU
		{7AA4290F-6AA1-8220-4B35-D11C0E729103}.Release|Any CPU.Build.0 = Release|Any CPU
		{A45CB112-9900-E1BC-9E54-66C111B295B5}.Debug|Any CPU.ActiveCfg = Debug|Any CPU
		{A45CB112-9900-E1BC-9E54-66C111B295B5}.Debug|Any CPU.Build.0 = Debug|Any CPU
		{A45CB112-9900-E1BC-9E54-66C111B295B5}.Release|Any CPU.ActiveCfg = Release|Any CPU
		{A45CB112-9900-E1BC-9E54-66C111B295B5}.Release|Any CPU.Build.0 = Release|Any CPU
		{EB42785F-E358-B031-5061-8D4D613AEC66}.Debug|Any CPU.ActiveCfg = Debug|Any CPU
		{EB42785F-E358-B031-5061-8D4D613AEC66}.Debug|Any CPU.Build.0 = Debug|Any CPU
		{EB42785F-E358-B031-5061-8D4D613AEC66}.Release|Any CPU.ActiveCfg = Release|Any CPU
		{EB42785F-E358-B031-5061-8D4D613AEC66}.Release|Any CPU.Build.0 = Release|Any CPU
		{AAF25AED-2ED9-3D07-F59E-6D61B31AEC19}.Debug|Any CPU.ActiveCfg = Debug|Any CPU
		{AAF25AED-2ED9-3D07-F59E-6D61B31AEC19}.Debug|Any CPU.Build.0 = Debug|Any CPU
		{AAF25AED-2ED9-3D07-F59E-6D61B31AEC19}.Release|Any CPU.ActiveCfg = Release|Any CPU
		{AAF25AED-2ED9-3D07-F59E-6D61B31AEC19}.Release|Any CPU.Build.0 = Release|Any CPU
		{143C3EE1-AC22-5948-6893-E3CD10F2F7AD}.Debug|Any CPU.ActiveCfg = Debug|Any CPU
		{143C3EE1-AC22-5948-6893-E3CD10F2F7AD}.Debug|Any CPU.Build.0 = Debug|Any CPU
		{143C3EE1-AC22-5948-6893-E3CD10F2F7AD}.Release|Any CPU.ActiveCfg = Release|Any CPU
		{143C3EE1-AC22-5948-6893-E3CD10F2F7AD}.Release|Any CPU.Build.0 = Release|Any CPU
		{32D792D6-6C3A-F8E8-6C7C-3C996A337BE3}.Debug|Any CPU.ActiveCfg = Debug|Any CPU
		{32D792D6-6C3A-F8E8-6C7C-3C996A337BE3}.Debug|Any CPU.Build.0 = Debug|Any CPU
		{32D792D6-6C3A-F8E8-6C7C-3C996A337BE3}.Release|Any CPU.ActiveCfg = Release|Any CPU
		{32D792D6-6C3A-F8E8-6C7C-3C996A337BE3}.Release|Any CPU.Build.0 = Release|Any CPU
		{D2FC8042-119D-F0A8-497A-83C1111315C6}.Debug|Any CPU.ActiveCfg = Debug|Any CPU
		{D2FC8042-119D-F0A8-497A-83C1111315C6}.Debug|Any CPU.Build.0 = Debug|Any CPU
		{D2FC8042-119D-F0A8-497A-83C1111315C6}.Release|Any CPU.ActiveCfg = Release|Any CPU
		{D2FC8042-119D-F0A8-497A-83C1111315C6}.Release|Any CPU.Build.0 = Release|Any CPU
		{F2FAE8A1-1C38-98CC-97F4-7C57433AAAB2}.Debug|Any CPU.ActiveCfg = Debug|Any CPU
		{F2FAE8A1-1C38-98CC-97F4-7C57433AAAB2}.Debug|Any CPU.Build.0 = Debug|Any CPU
		{F2FAE8A1-1C38-98CC-97F4-7C57433AAAB2}.Release|Any CPU.ActiveCfg = Release|Any CPU
		{F2FAE8A1-1C38-98CC-97F4-7C57433AAAB2}.Release|Any CPU.Build.0 = Release|Any CPU
		{28E7B684-E730-34C0-A838-ABEC58522771}.Debug|Any CPU.ActiveCfg = Debug|Any CPU
		{28E7B684-E730-34C0-A838-ABEC58522771}.Debug|Any CPU.Build.0 = Debug|Any CPU
		{28E7B684-E730-34C0-A838-ABEC58522771}.Release|Any CPU.ActiveCfg = Release|Any CPU
		{28E7B684-E730-34C0-A838-ABEC58522771}.Release|Any CPU.Build.0 = Release|Any CPU
		{53436513-0266-1682-164A-A5831CB28BD2}.Debug|Any CPU.ActiveCfg = Debug|Any CPU
		{53436513-0266-1682-164A-A5831CB28BD2}.Debug|Any CPU.Build.0 = Debug|Any CPU
		{53436513-0266-1682-164A-A5831CB28BD2}.Release|Any CPU.ActiveCfg = Release|Any CPU
		{53436513-0266-1682-164A-A5831CB28BD2}.Release|Any CPU.Build.0 = Release|Any CPU
		{1221F972-6459-E982-EF25-DB8261550303}.Debug|Any CPU.ActiveCfg = Debug|Any CPU
		{1221F972-6459-E982-EF25-DB8261550303}.Debug|Any CPU.Build.0 = Debug|Any CPU
		{1221F972-6459-E982-EF25-DB8261550303}.Release|Any CPU.ActiveCfg = Release|Any CPU
		{1221F972-6459-E982-EF25-DB8261550303}.Release|Any CPU.Build.0 = Release|Any CPU
		{0074771C-7EF4-9AC9-B92B-7DC200D82A3C}.Debug|Any CPU.ActiveCfg = Debug|Any CPU
		{0074771C-7EF4-9AC9-B92B-7DC200D82A3C}.Debug|Any CPU.Build.0 = Debug|Any CPU
		{0074771C-7EF4-9AC9-B92B-7DC200D82A3C}.Release|Any CPU.ActiveCfg = Release|Any CPU
		{0074771C-7EF4-9AC9-B92B-7DC200D82A3C}.Release|Any CPU.Build.0 = Release|Any CPU
		{6341DADA-8457-6E1C-799A-D74840EA7746}.Debug|Any CPU.ActiveCfg = Debug|Any CPU
		{6341DADA-8457-6E1C-799A-D74840EA7746}.Debug|Any CPU.Build.0 = Debug|Any CPU
		{6341DADA-8457-6E1C-799A-D74840EA7746}.Release|Any CPU.ActiveCfg = Release|Any CPU
		{6341DADA-8457-6E1C-799A-D74840EA7746}.Release|Any CPU.Build.0 = Release|Any CPU
		{4945D7B4-24A2-3C1E-FCC2-4DF40BCAB383}.Debug|Any CPU.ActiveCfg = Debug|Any CPU
		{4945D7B4-24A2-3C1E-FCC2-4DF40BCAB383}.Debug|Any CPU.Build.0 = Debug|Any CPU
		{4945D7B4-24A2-3C1E-FCC2-4DF40BCAB383}.Release|Any CPU.ActiveCfg = Release|Any CPU
		{4945D7B4-24A2-3C1E-FCC2-4DF40BCAB383}.Release|Any CPU.Build.0 = Release|Any CPU
	EndGlobalSection
	GlobalSection(SolutionProperties) = preSolution
		HideSolutionNode = FALSE
	EndGlobalSection
	GlobalSection(NestedProjects) = preSolution
		{E7986DBB-A341-F305-AA7F-79BDC79DE4A4} = {827E0CD3-B72D-47B6-A68D-7590B98EB39B}
		{7428B97E-D1FE-B8BF-B210-2B9C7F377A48} = {827E0CD3-B72D-47B6-A68D-7590B98EB39B}
		{659AA230-505B-474F-5438-4E921E06733C} = {827E0CD3-B72D-47B6-A68D-7590B98EB39B}
		{92D19CD5-5A1F-4FDB-4161-00DD83B2FBEA} = {827E0CD3-B72D-47B6-A68D-7590B98EB39B}
		{8581F49A-6FDD-5DD4-B02B-61E7BE231AD9} = {827E0CD3-B72D-47B6-A68D-7590B98EB39B}
		{E31B4884-2C08-4E54-8EA7-81DE90A696BA} = {827E0CD3-B72D-47B6-A68D-7590B98EB39B}
		{3B6DCEDA-17D4-E6F0-021B-ED71916A7E60} = {827E0CD3-B72D-47B6-A68D-7590B98EB39B}
		{449BA210-F781-F748-3B20-DD1D5C81D55E} = {827E0CD3-B72D-47B6-A68D-7590B98EB39B}
		{4308A2E5-A21A-5417-6C61-3DC6DC44B15E} = {827E0CD3-B72D-47B6-A68D-7590B98EB39B}
		{798A6F99-7A4D-FBF5-2568-A9EAF98E1A3A} = {827E0CD3-B72D-47B6-A68D-7590B98EB39B}
		{A62AA779-6461-E6FD-D3D3-9124A65BC0D0} = {827E0CD3-B72D-47B6-A68D-7590B98EB39B}
		{339FB689-4579-783F-09C1-474E011339DF} = {827E0CD3-B72D-47B6-A68D-7590B98EB39B}
		{87DCB884-81F4-45CA-B20C-5544DB8F0C9B} = {827E0CD3-B72D-47B6-A68D-7590B98EB39B}
		{7AA4290F-6AA1-8220-4B35-D11C0E729103} = {827E0CD3-B72D-47B6-A68D-7590B98EB39B}
		{A45CB112-9900-E1BC-9E54-66C111B295B5} = {827E0CD3-B72D-47B6-A68D-7590B98EB39B}
		{EB42785F-E358-B031-5061-8D4D613AEC66} = {827E0CD3-B72D-47B6-A68D-7590B98EB39B}
		{3F09BF6E-2DAC-A8BD-0780-CA9179E2D10F} = {827E0CD3-B72D-47B6-A68D-7590B98EB39B}
		{AAF25AED-2ED9-3D07-F59E-6D61B31AEC19} = {3F09BF6E-2DAC-A8BD-0780-CA9179E2D10F}
		{143C3EE1-AC22-5948-6893-E3CD10F2F7AD} = {3F09BF6E-2DAC-A8BD-0780-CA9179E2D10F}
		{32D792D6-6C3A-F8E8-6C7C-3C996A337BE3} = {3F09BF6E-2DAC-A8BD-0780-CA9179E2D10F}
		{F5D6AA94-3B3D-A482-BBC4-8A508104825B} = {827E0CD3-B72D-47B6-A68D-7590B98EB39B}
		{D2FC8042-119D-F0A8-497A-83C1111315C6} = {F5D6AA94-3B3D-A482-BBC4-8A508104825B}
		{F2FAE8A1-1C38-98CC-97F4-7C57433AAAB2} = {F5D6AA94-3B3D-A482-BBC4-8A508104825B}
		{28E7B684-E730-34C0-A838-ABEC58522771} = {F5D6AA94-3B3D-A482-BBC4-8A508104825B}
		{53436513-0266-1682-164A-A5831CB28BD2} = {F5D6AA94-3B3D-A482-BBC4-8A508104825B}
		{C8E42992-5E42-0C2B-DBFE-AA848D06431C} = {827E0CD3-B72D-47B6-A68D-7590B98EB39B}
		{1221F972-6459-E982-EF25-DB8261550303} = {C8E42992-5E42-0C2B-DBFE-AA848D06431C}
		{0074771C-7EF4-9AC9-B92B-7DC200D82A3C} = {C8E42992-5E42-0C2B-DBFE-AA848D06431C}
		{6341DADA-8457-6E1C-799A-D74840EA7746} = {C8E42992-5E42-0C2B-DBFE-AA848D06431C}
		{4945D7B4-24A2-3C1E-FCC2-4DF40BCAB383} = {C8E42992-5E42-0C2B-DBFE-AA848D06431C}
	EndGlobalSection
	GlobalSection(ExtensibilityGlobals) = postSolution
		SolutionGuid = {7B04DE52-0C59-4CDF-8331-197F7A93671C}
	EndGlobalSection
EndGlobal
