
Microsoft Visual Studio Solution File, Format Version 12.00
# Visual Studio Version 17
VisualStudioVersion = 17.14.36414.22
MinimumVisualStudioVersion = 10.0.40219.1
Project("{FAE04EC0-301F-11D3-BF4B-00C04F79EFBC}") = "AccessControlConnector", "AccessControlConnector.csproj", "{2DCDB2CD-F596-0F95-9562-C0504A0F4019}"
EndProject
Project("{FAE04EC0-301F-11D3-BF4B-00C04F79EFBC}") = "AccessController", "..\Shared\AccessController\AccessController.csproj", "{4AD8B97B-FC78-CCFC-D807-3C20DF9E9163}"
EndProject
Project("{FAE04EC0-301F-11D3-BF4B-00C04F79EFBC}") = "Shared", "..\Shared\Shared\Shared.csproj", "{626B1D52-BBD1-11BC-B02F-BAA61CE5EAB1}"
EndProject
Global
	GlobalSection(SolutionConfigurationPlatforms) = preSolution
		Debug|Any CPU = Debug|Any CPU
		Release|Any CPU = Release|Any CPU
	EndGlobalSection
	GlobalSection(ProjectConfigurationPlatforms) = postSolution
		{2DCDB2CD-F596-0F95-9562-C0504A0F4019}.Debug|Any CPU.ActiveCfg = Debug|Any CPU
		{2DCDB2CD-F596-0F95-9562-C0504A0F4019}.Debug|Any CPU.Build.0 = Debug|Any CPU
		{2DCDB2CD-F596-0F95-9562-C0504A0F4019}.Release|Any CPU.ActiveCfg = Release|Any CPU
		{2DCDB2CD-F596-0F95-9562-C0504A0F4019}.Release|Any CPU.Build.0 = Release|Any CPU
		{4AD8B97B-FC78-CCFC-D807-3C20DF9E9163}.Debug|Any CPU.ActiveCfg = Debug|Any CPU
		{4AD8B97B-FC78-CCFC-D807-3C20DF9E9163}.Debug|Any CPU.Build.0 = Debug|Any CPU
		{4AD8B97B-FC78-CCFC-D807-3C20DF9E9163}.Release|Any CPU.ActiveCfg = Release|Any CPU
		{4AD8B97B-FC78-CCFC-D807-3C20DF9E9163}.Release|Any CPU.Build.0 = Release|Any CPU
		{626B1D52-BBD1-11BC-B02F-BAA61CE5EAB1}.Debug|Any CPU.ActiveCfg = Debug|Any CPU
		{626B1D52-BBD1-11BC-B02F-BAA61CE5EAB1}.Debug|Any CPU.Build.0 = Debug|Any CPU
		{626B1D52-BBD1-11BC-B02F-BAA61CE5EAB1}.Release|Any CPU.ActiveCfg = Release|Any CPU
		{626B1D52-BBD1-11BC-B02F-BAA61CE5EAB1}.Release|Any CPU.Build.0 = Release|Any CPU
	EndGlobalSection
	GlobalSection(SolutionProperties) = preSolution
		HideSolutionNode = FALSE
	EndGlobalSection
	GlobalSection(ExtensibilityGlobals) = postSolution
		SolutionGuid = {C9281530-5042-4885-9582-CC36E59506F5}
	EndGlobalSection
EndGlobal
